
Microsoft Visual Studio Solution File, Format Version 12.00
# Visual Studio Version 17
VisualStudioVersion = 17.5.33414.496
MinimumVisualStudioVersion = 10.0.40219.1
Project("{FAE04EC0-301F-11D3-BF4B-00C04F79EFBC}") = "Zyfra", "Zyfra.csproj", "{8E5F2711-E57B-41E9-859E-D626D2EE45A5}"
EndProject
Project("{FAE04EC0-301F-11D3-BF4B-00C04F79EFBC}") = "WebApplicationForZyfra", "..\WebApplicationForZyfra\WebApplicationForZyfra.csproj", "{333A8C1A-7FE7-43FB-A4CB-B68C2362DB93}"
EndProject
Global
	GlobalSection(SolutionConfigurationPlatforms) = preSolution
		Debug|Any CPU = Debug|Any CPU
		Release|Any CPU = Release|Any CPU
	EndGlobalSection
	GlobalSection(ProjectConfigurationPlatforms) = postSolution
		{8E5F2711-E57B-41E9-859E-D626D2EE45A5}.Debug|Any CPU.ActiveCfg = Debug|Any CPU
		{8E5F2711-E57B-41E9-859E-D626D2EE45A5}.Debug|Any CPU.Build.0 = Debug|Any CPU
		{8E5F2711-E57B-41E9-859E-D626D2EE45A5}.Release|Any CPU.ActiveCfg = Release|Any CPU
		{8E5F2711-E57B-41E9-859E-D626D2EE45A5}.Release|Any CPU.Build.0 = Release|Any CPU
		{333A8C1A-7FE7-43FB-A4CB-B68C2362DB93}.Debug|Any CPU.ActiveCfg = Debug|Any CPU
		{333A8C1A-7FE7-43FB-A4CB-B68C2362DB93}.Debug|Any CPU.Build.0 = Debug|Any CPU
		{333A8C1A-7FE7-43FB-A4CB-B68C2362DB93}.Release|Any CPU.ActiveCfg = Release|Any CPU
		{333A8C1A-7FE7-43FB-A4CB-B68C2362DB93}.Release|Any CPU.Build.0 = Release|Any CPU
	EndGlobalSection
	GlobalSection(SolutionProperties) = preSolution
		HideSolutionNode = FALSE
	EndGlobalSection
	GlobalSection(ExtensibilityGlobals) = postSolution
		SolutionGuid = {49330C57-5F1C-425D-B841-91F91AE7D363}
	EndGlobalSection
EndGlobal
